<Solution>
  <Folder Name="/src/">
    <Project Path="src/Domain/Krautwatch.Domain.csproj" />
    <Project Path="src/Application/Krautwatch.Application.csproj" />
    <Project Path="src/Infrastructure/Krautwatch.Infrastructure.csproj" />
  </Folder>
  <Folder Name="/src/Presentation/">
    <Project Path="src/Presentation/AppHost/Krautwatch.AppHost.csproj" />
    <Project Path="src/Presentation/ServiceDefaults/Krautwatch.ServiceDefaults.csproj" />
    <Project Path="src/Presentation/Web/Krautwatch.Web.csproj" />
  </Folder>
  <Folder Name="/src/Presentation/Api/">
    <Project Path="src/Presentation/Api/PublicApi/Krautwatch.Api.csproj" />
    <Project Path="src/Presentation/Api/NewznabIndexerApi/Krautwatch.Api.NewznabIndexerApi.csproj" />
  </Folder>
  <Folder Name="/src/Presentation/Agents/">
    <Project Path="src/Presentation/Agents/Ard/Krautwatch.Agents.Ard.csproj" />
    <Project Path="src/Presentation/Agents/Zdf/Krautwatch.Agents.Zdf.csproj" />
    <Project Path="src/Presentation/Agents/Downloader/Krautwatch.Agents.Downloader.csproj" />
  </Folder>
  <Folder Name="/tests/">
    <Project Path="tests/Domain.Tests/Krautwatch.Domain.Tests.csproj" />
    <Project Path="tests/Application.Tests/Krautwatch.Application.Tests.csproj" />
    <Project Path="tests/Infrastructure.Tests/Krautwatch.Infrastructure.Tests.csproj" />
    <Project Path="tests/Architecture.Tests/Krautwatch.Architecture.Tests.csproj" />
    <Project Path="tests/Live.Tests/Krautwatch.Live.Tests.csproj" />
  </Folder>
</Solution>
